// !$*UTF8*$!
{
	archiveVersion = 1;
	classes = {
	};
	objectVersion = 46;
	objects = {

/* Begin PBXBuildFile section */
		030B1C0B1EBBD1F800883FD4 /* AppDelegate.swift in Sources */ = {isa = PBXBuildFile; fileRef = 030B1C0A1EBBD1F800883FD4 /* AppDelegate.swift */; };
		030B1C121EBBD1F800883FD4 /* Main.storyboard in Resources */ = {isa = PBXBuildFile; fileRef = 030B1C101EBBD1F800883FD4 /* Main.storyboard */; };
		030B1C141EBBD1F800883FD4 /* Assets.xcassets in Resources */ = {isa = PBXBuildFile; fileRef = 030B1C131EBBD1F800883FD4 /* Assets.xcassets */; };
		030B1C171EBBD1F800883FD4 /* LaunchScreen.storyboard in Resources */ = {isa = PBXBuildFile; fileRef = 030B1C151EBBD1F800883FD4 /* LaunchScreen.storyboard */; };
		030B1C1F1EBBDE5900883FD4 /* DistrictViewController.swift in Sources */ = {isa = PBXBuildFile; fileRef = 030B1C1E1EBBDE5900883FD4 /* DistrictViewController.swift */; };
		0329A49B1EBBFC66008A9487 /* FiraSans-Bold.ttf in Resources */ = {isa = PBXBuildFile; fileRef = 0329A49A1EBBFC35008A9487 /* FiraSans-Bold.ttf */; };
		0329A49E1EBC9C4B008A9487 /* Utils.swift in Sources */ = {isa = PBXBuildFile; fileRef = 0329A49D1EBC9C4B008A9487 /* Utils.swift */; };
/* End PBXBuildFile section */

/* Begin PBXFileReference section */
		030B1C071EBBD1F800883FD4 /* Yemekbaz.app */ = {isa = PBXFileReference; explicitFileType = wrapper.application; includeInIndex = 0; path = Yemekbaz.app; sourceTree = BUILT_PRODUCTS_DIR; };
		030B1C0A1EBBD1F800883FD4 /* AppDelegate.swift */ = {isa = PBXFileReference; lastKnownFileType = sourcecode.swift; path = AppDelegate.swift; sourceTree = "<group>"; };
		030B1C111EBBD1F800883FD4 /* Base */ = {isa = PBXFileReference; lastKnownFileType = file.storyboard; name = Base; path = Base.lproj/Main.storyboard; sourceTree = "<group>"; };
		030B1C131EBBD1F800883FD4 /* Assets.xcassets */ = {isa = PBXFileReference; lastKnownFileType = folder.assetcatalog; path = Assets.xcassets; sourceTree = "<group>"; };
		030B1C161EBBD1F800883FD4 /* Base */ = {isa = PBXFileReference; lastKnownFileType = file.storyboard; name = Base; path = Base.lproj/LaunchScreen.storyboard; sourceTree = "<group>"; };
		030B1C181EBBD1F800883FD4 /* Info.plist */ = {isa = PBXFileReference; lastKnownFileType = text.plist.xml; path = Info.plist; sourceTree = "<group>"; };
		030B1C1E1EBBDE5900883FD4 /* DistrictViewController.swift */ = {isa = PBXFileReference; fileEncoding = 4; lastKnownFileType = sourcecode.swift; path = DistrictViewController.swift; sourceTree = "<group>"; };
		0329A49A1EBBFC35008A9487 /* FiraSans-Bold.ttf */ = {isa = PBXFileReference; lastKnownFileType = file; name = "FiraSans-Bold.ttf"; path = "../../../../Downloads/Fira_Sans/FiraSans-Bold.ttf"; sourceTree = "<group>"; };
		0329A49D1EBC9C4B008A9487 /* Utils.swift */ = {isa = PBXFileReference; fileEncoding = 4; lastKnownFileType = sourcecode.swift; path = Utils.swift; sourceTree = "<group>"; };
/* End PBXFileReference section */

/* Begin PBXFrameworksBuildPhase section */
		030B1C041EBBD1F800883FD4 /* Frameworks */ = {
			isa = PBXFrameworksBuildPhase;
			buildActionMask = 2147483647;
			files = (
			);
			runOnlyForDeploymentPostprocessing = 0;
		};
/* End PBXFrameworksBuildPhase section */

/* Begin PBXGroup section */
		030B1BFE1EBBD1F800883FD4 = {
			isa = PBXGroup;
			children = (
				030B1C091EBBD1F800883FD4 /* Yemekbaz */,
				030B1C081EBBD1F800883FD4 /* Products */,
			);
			sourceTree = "<group>";
		};
		030B1C081EBBD1F800883FD4 /* Products */ = {
			isa = PBXGroup;
			children = (
				030B1C071EBBD1F800883FD4 /* Yemekbaz.app */,
			);
			name = Products;
			sourceTree = "<group>";
		};
		030B1C091EBBD1F800883FD4 /* Yemekbaz */ = {
			isa = PBXGroup;
			children = (
				0329A49C1EBC9B86008A9487 /* Commons */,
				0329A4991EBBFC15008A9487 /* Resources */,
				030B1C0A1EBBD1F800883FD4 /* AppDelegate.swift */,
				030B1C101EBBD1F800883FD4 /* Main.storyboard */,
				030B1C131EBBD1F800883FD4 /* Assets.xcassets */,
				030B1C151EBBD1F800883FD4 /* LaunchScreen.storyboard */,
				030B1C181EBBD1F800883FD4 /* Info.plist */,
				030B1C1E1EBBDE5900883FD4 /* DistrictViewController.swift */,
			);
			path = Yemekbaz;
			sourceTree = "<group>";
		};
		0329A4991EBBFC15008A9487 /* Resources */ = {
			isa = PBXGroup;
			children = (
				0329A49A1EBBFC35008A9487 /* FiraSans-Bold.ttf */,
			);
			name = Resources;
			sourceTree = "<group>";
		};
		0329A49C1EBC9B86008A9487 /* Commons */ = {
			isa = PBXGroup;
			children = (
				0329A49D1EBC9C4B008A9487 /* Utils.swift */,
			);
			name = Commons;
			sourceTree = "<group>";
		};
/* End PBXGroup section */

/* Begin PBXNativeTarget section */
		030B1C061EBBD1F800883FD4 /* Yemekbaz */ = {
			isa = PBXNativeTarget;
			buildConfigurationList = 030B1C1B1EBBD1F800883FD4 /* Build configuration list for PBXNativeTarget "Yemekbaz" */;
			buildPhases = (
				030B1C031EBBD1F800883FD4 /* Sources */,
				030B1C041EBBD1F800883FD4 /* Frameworks */,
				030B1C051EBBD1F800883FD4 /* Resources */,
			);
			buildRules = (
			);
			dependencies = (
			);
			name = Yemekbaz;
			productName = Yemekbaz;
			productReference = 030B1C071EBBD1F800883FD4 /* Yemekbaz.app */;
			productType = "com.apple.product-type.application";
		};
/* End PBXNativeTarget section */

/* Begin PBXProject section */
		030B1BFF1EBBD1F800883FD4 /* Project object */ = {
			isa = PBXProject;
			attributes = {
				LastSwiftUpdateCheck = 0830;
				LastUpgradeCheck = 0830;
				ORGANIZATIONNAME = "Sylvester Saracevas";
				TargetAttributes = {
					030B1C061EBBD1F800883FD4 = {
						CreatedOnToolsVersion = 8.3.2;
						DevelopmentTeam = 2TB66J9A74;
						ProvisioningStyle = Automatic;
					};
				};
			};
			buildConfigurationList = 030B1C021EBBD1F800883FD4 /* Build configuration list for PBXProject "Yemekbaz" */;
			compatibilityVersion = "Xcode 3.2";
			developmentRegion = English;
			hasScannedForEncodings = 0;
			knownRegions = (
				en,
				Base,
			);
			mainGroup = 030B1BFE1EBBD1F800883FD4;
			productRefGroup = 030B1C081EBBD1F800883FD4 /* Products */;
			projectDirPath = "";
			projectRoot = "";
			targets = (
				030B1C061EBBD1F800883FD4 /* Yemekbaz */,
			);
		};
/* End PBXProject section */

/* Begin PBXResourcesBuildPhase section */
		030B1C051EBBD1F800883FD4 /* Resources */ = {
			isa = PBXResourcesBuildPhase;
			buildActionMask = 2147483647;
			files = (
				030B1C171EBBD1F800883FD4 /* LaunchScreen.storyboard in Resources */,
				030B1C141EBBD1F800883FD4 /* Assets.xcassets in Resources */,
				0329A49B1EBBFC66008A9487 /* FiraSans-Bold.ttf in Resources */,
				030B1C121EBBD1F800883FD4 /* Main.storyboard in Resources */,
			);
			runOnlyForDeploymentPostprocessing = 0;
		};
/* End PBXResourcesBuildPhase section */

/* Begin PBXSourcesBuildPhase section */
		030B1C031EBBD1F800883FD4 /* Sources */ = {
			isa = PBXSourcesBuildPhase;
			buildActionMask = 2147483647;
			files = (
				030B1C1F1EBBDE5900883FD4 /* DistrictViewController.swift in Sources */,
				030B1C0B1EBBD1F800883FD4 /* AppDelegate.swift in Sources */,
				0329A49E1EBC9C4B008A9487 /* Utils.swift in Sources */,
			);
			runOnlyForDeploymentPostprocessing = 0;
		};
/* End PBXSourcesBuildPhase section */

/* Begin PBXVariantGroup section */
		030B1C101EBBD1F800883FD4 /* Main.storyboard */ = {
			isa = PBXVariantGroup;
			children = (
				030B1C111EBBD1F800883FD4 /* Base */,
			);
			name = Main.storyboard;
			sourceTree = "<group>";
		};
		030B1C151EBBD1F800883FD4 /* LaunchScreen.storyboard */ = {
			isa = PBXVariantGroup;
			children = (
				030B1C161EBBD1F800883FD4 /* Base */,
			);
			name = LaunchScreen.storyboard;
			sourceTree = "<group>";
		};
/* End PBXVariantGroup section */

/* Begin XCBuildConfiguration section */
		030B1C191EBBD1F800883FD4 /* Debug */ = {
			isa = XCBuildConfiguration;
			buildSettings = {
				ALWAYS_SEARCH_USER_PATHS = NO;
				CLANG_ANALYZER_NONNULL = YES;
				CLANG_ANALYZER_NUMBER_OBJECT_CONVERSION = YES_AGGRESSIVE;
				CLANG_CXX_LANGUAGE_STANDARD = "gnu++0x";
				CLANG_CXX_LIBRARY = "libc++";
				CLANG_ENABLE_MODULES = YES;
				CLANG_ENABLE_OBJC_ARC = YES;
				CLANG_WARN_BOOL_CONVERSION = YES;
				CLANG_WARN_CONSTANT_CONVERSION = YES;
				CLANG_WARN_DIRECT_OBJC_ISA_USAGE = YES_ERROR;
				CLANG_WARN_DOCUMENTATION_COMMENTS = YES;
				CLANG_WARN_EMPTY_BODY = YES;
				CLANG_WARN_ENUM_CONVERSION = YES;
				CLANG_WARN_INFINITE_RECURSION = YES;
				CLANG_WARN_INT_CONVERSION = YES;
				CLANG_WARN_OBJC_ROOT_CLASS = YES_ERROR;
				CLANG_WARN_SUSPICIOUS_MOVE = YES;
				CLANG_WARN_UNREACHABLE_CODE = YES;
				CLANG_WARN__DUPLICATE_METHOD_MATCH = YES;
				"CODE_SIGN_IDENTITY[sdk=iphoneos*]" = "iPhone Developer";
				COPY_PHASE_STRIP = NO;
				DEBUG_INFORMATION_FORMAT = dwarf;
				ENABLE_STRICT_OBJC_MSGSEND = YES;
				ENABLE_TESTABILITY = YES;
				GCC_C_LANGUAGE_STANDARD = gnu99;
				GCC_DYNAMIC_NO_PIC = NO;
				GCC_NO_COMMON_BLOCKS = YES;
				GCC_OPTIMIZATION_LEVEL = 0;
				GCC_PREPROCESSOR_DEFINITIONS = (
					"DEBUG=1",
					"$(inherited)",
				);
				GCC_WARN_64_TO_32_BIT_CONVERSION = YES;
				GCC_WARN_ABOUT_RETURN_TYPE = YES_ERROR;
				GCC_WARN_UNDECLARED_SELECTOR = YES;
				GCC_WARN_UNINITIALIZED_AUTOS = YES_AGGRESSIVE;
				GCC_WARN_UNUSED_FUNCTION = YES;
				GCC_WARN_UNUSED_VARIABLE = YES;
				IPHONEOS_DEPLOYMENT_TARGET = 10.3;
				MTL_ENABLE_DEBUG_INFO = YES;
				ONLY_ACTIVE_ARCH = YES;
				SDKROOT = iphoneos;
				SWIFT_ACTIVE_COMPILATION_CONDITIONS = DEBUG;
				SWIFT_OPTIMIZATION_LEVEL = "-Onone";
				TARGETED_DEVICE_FAMILY = "1,2";
			};
			name = Debug;
		};
		030B1C1A1EBBD1F800883FD4 /* Release */ = {
			isa = XCBuildConfiguration;
			buildSettings = {
				ALWAYS_SEARCH_USER_PATHS = NO;
				CLANG_ANALYZER_NONNULL = YES;
				CLANG_ANALYZER_NUMBER_OBJECT_CONVERSION = YES_AGGRESSIVE;
				CLANG_CXX_LANGUAGE_STANDARD = "gnu++0x";
				CLANG_CXX_LIBRARY = "libc++";
				CLANG_ENABLE_MODULES = YES;
				CLANG_ENABLE_OBJC_ARC = YES;
				CLANG_WARN_BOOL_CONVERSION = YES;
				CLANG_WARN_CONSTANT_CONVERSION = YES;
				CLANG_WARN_DIRECT_OBJC_ISA_USAGE = YES_ERROR;
				CLANG_WARN_DOCUMENTATION_COMMENTS = YES;
				CLANG_WARN_EMPTY_BODY = YES;
				CLANG_WARN_ENUM_CONVERSION = YES;
				CLANG_WARN_INFINITE_RECURSION = YES;
				CLANG_WARN_INT_CONVERSION = YES;
				CLANG_WARN_OBJC_ROOT_CLASS = YES_ERROR;
				CLANG_WARN_SUSPICIOUS_MOVE = YES;
				CLANG_WARN_UNREACHABLE_CODE = YES;
				CLANG_WARN__DUPLICATE_METHOD_MATCH = YES;
				"CODE_SIGN_IDENTITY[sdk=iphoneos*]" = "iPhone Developer";
				COPY_PHASE_STRIP = NO;
				DEBUG_INFORMATION_FORMAT = "dwarf-with-dsym";
				ENABLE_NS_ASSERTIONS = NO;
				ENABLE_STRICT_OBJC_MSGSEND = YES;
				GCC_C_LANGUAGE_STANDARD = gnu99;
				GCC_NO_COMMON_BLOCKS = YES;
				GCC_WARN_64_TO_32_BIT_CONVERSION = YES;
				GCC_WARN_ABOUT_RETURN_TYPE = YES_ERROR;
				GCC_WARN_UNDECLARED_SELECTOR = YES;
				GCC_WARN_UNINITIALIZED_AUTOS = YES_AGGRESSIVE;
				GCC_WARN_UNUSED_FUNCTION = YES;
				GCC_WARN_UNUSED_VARIABLE = YES;
				IPHONEOS_DEPLOYMENT_TARGET = 10.3;
				MTL_ENABLE_DEBUG_INFO = NO;
				SDKROOT = iphoneos;
				SWIFT_OPTIMIZATION_LEVEL = "-Owholemodule";
				TARGETED_DEVICE_FAMILY = "1,2";
				VALIDATE_PRODUCT = YES;
			};
			name = Release;
		};
		030B1C1C1EBBD1F800883FD4 /* Debug */ = {
			isa = XCBuildConfiguration;
			buildSettings = {
				ASSETCATALOG_COMPILER_APPICON_NAME = AppIcon;
				DEVELOPMENT_TEAM = 2TB66J9A74;
				INFOPLIST_FILE = Yemekbaz/Info.plist;
				LD_RUNPATH_SEARCH_PATHS = "$(inherited) @executable_path/Frameworks";
				PRODUCT_BUNDLE_IDENTIFIER = saracevas.co.uk.Yemekbaz;
				PRODUCT_NAME = "$(TARGET_NAME)";
				SWIFT_VERSION = 3.0;
			};
			name = Debug;
		};
		030B1C1D1EBBD1F800883FD4 /* Release */ = {
			isa = XCBuildConfiguration;
			buildSettings = {
				ASSETCATALOG_COMPILER_APPICON_NAME = AppIcon;
				DEVELOPMENT_TEAM = 2TB66J9A74;
				INFOPLIST_FILE = Yemekbaz/Info.plist;
				LD_RUNPATH_SEARCH_PATHS = "$(inherited) @executable_path/Frameworks";
				PRODUCT_BUNDLE_IDENTIFIER = saracevas.co.uk.Yemekbaz;
				PRODUCT_NAME = "$(TARGET_NAME)";
				SWIFT_VERSION = 3.0;
			};
			name = Release;
		};
/* End XCBuildConfiguration section */

/* Begin XCConfigurationList section */
		030B1C021EBBD1F800883FD4 /* Build configuration list for PBXProject "Yemekbaz" */ = {
			isa = XCConfigurationList;
			buildConfigurations = (
				030B1C191EBBD1F800883FD4 /* Debug */,
				030B1C1A1EBBD1F800883FD4 /* Release */,
			);
			defaultConfigurationIsVisible = 0;
			defaultConfigurationName = Release;
		};
		030B1C1B1EBBD1F800883FD4 /* Build configuration list for PBXNativeTarget "Yemekbaz" */ = {
			isa = XCConfigurationList;
			buildConfigurations = (
				030B1C1C1EBBD1F800883FD4 /* Debug */,
				030B1C1D1EBBD1F800883FD4 /* Release */,
			);
			defaultConfigurationIsVisible = 0;
			defaultConfigurationName = Release;
		};
/* End XCConfigurationList section */
	};
	rootObject = 030B1BFF1EBBD1F800883FD4 /* Project object */;
}
